// !$*UTF8*$!
{
	archiveVersion = 1;
	classes = {
	};
	objectVersion = 46;
	objects = {

/* Begin PBXBuildFile section */
		CC59251C1DDD720D00EA8587 /* AppDelegate.swift in Sources */ = {isa = PBXBuildFile; fileRef = CC59251B1DDD720D00EA8587 /* AppDelegate.swift */; };
		CC59251E1DDD720D00EA8587 /* ViewController.swift in Sources */ = {isa = PBXBuildFile; fileRef = CC59251D1DDD720D00EA8587 /* ViewController.swift */; };
		CC5925211DDD720D00EA8587 /* Main.storyboard in Resources */ = {isa = PBXBuildFile; fileRef = CC59251F1DDD720D00EA8587 /* Main.storyboard */; };
		CC5925231DDD720D00EA8587 /* Assets.xcassets in Resources */ = {isa = PBXBuildFile; fileRef = CC5925221DDD720D00EA8587 /* Assets.xcassets */; };
		CC5925261DDD720D00EA8587 /* LaunchScreen.storyboard in Resources */ = {isa = PBXBuildFile; fileRef = CC5925241DDD720D00EA8587 /* LaunchScreen.storyboard */; };
		CC5925311DDD720D00EA8587 /* WoW_Sports_Test_AppTests.swift in Sources */ = {isa = PBXBuildFile; fileRef = CC5925301DDD720D00EA8587 /* WoW_Sports_Test_AppTests.swift */; };
		CC59253C1DDD720D00EA8587 /* WoW_Sports_Test_AppUITests.swift in Sources */ = {isa = PBXBuildFile; fileRef = CC59253B1DDD720D00EA8587 /* WoW_Sports_Test_AppUITests.swift */; };
/* End PBXBuildFile section */

/* Begin PBXContainerItemProxy section */
		CC59252D1DDD720D00EA8587 /* PBXContainerItemProxy */ = {
			isa = PBXContainerItemProxy;
			containerPortal = CC5925101DDD720D00EA8587 /* Project object */;
			proxyType = 1;
			remoteGlobalIDString = CC5925171DDD720D00EA8587;
			remoteInfo = "WoW Sports Test App";
		};
		CC5925381DDD720D00EA8587 /* PBXContainerItemProxy */ = {
			isa = PBXContainerItemProxy;
			containerPortal = CC5925101DDD720D00EA8587 /* Project object */;
			proxyType = 1;
			remoteGlobalIDString = CC5925171DDD720D00EA8587;
			remoteInfo = "WoW Sports Test App";
		};
/* End PBXContainerItemProxy section */

/* Begin PBXFileReference section */
		CC5925181DDD720D00EA8587 /* WoW Sports Test App.app */ = {isa = PBXFileReference; explicitFileType = wrapper.application; includeInIndex = 0; path = "WoW Sports Test App.app"; sourceTree = BUILT_PRODUCTS_DIR; };
		CC59251B1DDD720D00EA8587 /* AppDelegate.swift */ = {isa = PBXFileReference; lastKnownFileType = sourcecode.swift; path = AppDelegate.swift; sourceTree = "<group>"; };
		CC59251D1DDD720D00EA8587 /* ViewController.swift */ = {isa = PBXFileReference; lastKnownFileType = sourcecode.swift; path = ViewController.swift; sourceTree = "<group>"; };
		CC5925201DDD720D00EA8587 /* Base */ = {isa = PBXFileReference; lastKnownFileType = file.storyboard; name = Base; path = Base.lproj/Main.storyboard; sourceTree = "<group>"; };
		CC5925221DDD720D00EA8587 /* Assets.xcassets */ = {isa = PBXFileReference; lastKnownFileType = folder.assetcatalog; path = Assets.xcassets; sourceTree = "<group>"; };
		CC5925251DDD720D00EA8587 /* Base */ = {isa = PBXFileReference; lastKnownFileType = file.storyboard; name = Base; path = Base.lproj/LaunchScreen.storyboard; sourceTree = "<group>"; };
		CC5925271DDD720D00EA8587 /* Info.plist */ = {isa = PBXFileReference; lastKnownFileType = text.plist.xml; path = Info.plist; sourceTree = "<group>"; };
		CC59252C1DDD720D00EA8587 /* WoW Sports Test AppTests.xctest */ = {isa = PBXFileReference; explicitFileType = wrapper.cfbundle; includeInIndex = 0; path = "WoW Sports Test AppTests.xctest"; sourceTree = BUILT_PRODUCTS_DIR; };
		CC5925301DDD720D00EA8587 /* WoW_Sports_Test_AppTests.swift */ = {isa = PBXFileReference; lastKnownFileType = sourcecode.swift; path = WoW_Sports_Test_AppTests.swift; sourceTree = "<group>"; };
		CC5925321DDD720D00EA8587 /* Info.plist */ = {isa = PBXFileReference; lastKnownFileType = text.plist.xml; path = Info.plist; sourceTree = "<group>"; };
		CC5925371DDD720D00EA8587 /* WoW Sports Test AppUITests.xctest */ = {isa = PBXFileReference; explicitFileType = wrapper.cfbundle; includeInIndex = 0; path = "WoW Sports Test AppUITests.xctest"; sourceTree = BUILT_PRODUCTS_DIR; };
		CC59253B1DDD720D00EA8587 /* WoW_Sports_Test_AppUITests.swift */ = {isa = PBXFileReference; lastKnownFileType = sourcecode.swift; path = WoW_Sports_Test_AppUITests.swift; sourceTree = "<group>"; };
		CC59253D1DDD720D00EA8587 /* Info.plist */ = {isa = PBXFileReference; lastKnownFileType = text.plist.xml; path = Info.plist; sourceTree = "<group>"; };
/* End PBXFileReference section */

/* Begin PBXFrameworksBuildPhase section */
		CC5925151DDD720D00EA8587 /* Frameworks */ = {
			isa = PBXFrameworksBuildPhase;
			buildActionMask = 2147483647;
			files = (
			);
			runOnlyForDeploymentPostprocessing = 0;
		};
		CC5925291DDD720D00EA8587 /* Frameworks */ = {
			isa = PBXFrameworksBuildPhase;
			buildActionMask = 2147483647;
			files = (
			);
			runOnlyForDeploymentPostprocessing = 0;
		};
		CC5925341DDD720D00EA8587 /* Frameworks */ = {
			isa = PBXFrameworksBuildPhase;
			buildActionMask = 2147483647;
			files = (
			);
			runOnlyForDeploymentPostprocessing = 0;
		};
/* End PBXFrameworksBuildPhase section */

/* Begin PBXGroup section */
		CC59250F1DDD720D00EA8587 = {
			isa = PBXGroup;
			children = (
				CC59251A1DDD720D00EA8587 /* WoW Sports Test App */,
				CC59252F1DDD720D00EA8587 /* WoW Sports Test AppTests */,
				CC59253A1DDD720D00EA8587 /* WoW Sports Test AppUITests */,
				CC5925191DDD720D00EA8587 /* Products */,
			);
			sourceTree = "<group>";
		};
		CC5925191DDD720D00EA8587 /* Products */ = {
			isa = PBXGroup;
			children = (
				CC5925181DDD720D00EA8587 /* WoW Sports Test App.app */,
				CC59252C1DDD720D00EA8587 /* WoW Sports Test AppTests.xctest */,
				CC5925371DDD720D00EA8587 /* WoW Sports Test AppUITests.xctest */,
			);
			name = Products;
			sourceTree = "<group>";
		};
		CC59251A1DDD720D00EA8587 /* WoW Sports Test App */ = {
			isa = PBXGroup;
			children = (
				CC59251B1DDD720D00EA8587 /* AppDelegate.swift */,
				CC59251D1DDD720D00EA8587 /* ViewController.swift */,
				CC59251F1DDD720D00EA8587 /* Main.storyboard */,
				CC5925221DDD720D00EA8587 /* Assets.xcassets */,
				CC5925241DDD720D00EA8587 /* LaunchScreen.storyboard */,
				CC5925271DDD720D00EA8587 /* Info.plist */,
			);
			path = "WoW Sports Test App";
			sourceTree = "<group>";
		};
		CC59252F1DDD720D00EA8587 /* WoW Sports Test AppTests */ = {
			isa = PBXGroup;
			children = (
				CC5925301DDD720D00EA8587 /* WoW_Sports_Test_AppTests.swift */,
				CC5925321DDD720D00EA8587 /* Info.plist */,
			);
			path = "WoW Sports Test AppTests";
			sourceTree = "<group>";
		};
		CC59253A1DDD720D00EA8587 /* WoW Sports Test AppUITests */ = {
			isa = PBXGroup;
			children = (
				CC59253B1DDD720D00EA8587 /* WoW_Sports_Test_AppUITests.swift */,
				CC59253D1DDD720D00EA8587 /* Info.plist */,
			);
			path = "WoW Sports Test AppUITests";
			sourceTree = "<group>";
		};
/* End PBXGroup section */

/* Begin PBXNativeTarget section */
		CC5925171DDD720D00EA8587 /* WoW Sports Test App */ = {
			isa = PBXNativeTarget;
			buildConfigurationList = CC5925401DDD720D00EA8587 /* Build configuration list for PBXNativeTarget "WoW Sports Test App" */;
			buildPhases = (
				CC5925141DDD720D00EA8587 /* Sources */,
				CC5925151DDD720D00EA8587 /* Frameworks */,
				CC5925161DDD720D00EA8587 /* Resources */,
			);
			buildRules = (
			);
			dependencies = (
			);
			name = "WoW Sports Test App";
			productName = "WoW Sports Test App";
			productReference = CC5925181DDD720D00EA8587 /* WoW Sports Test App.app */;
			productType = "com.apple.product-type.application";
		};
		CC59252B1DDD720D00EA8587 /* WoW Sports Test AppTests */ = {
			isa = PBXNativeTarget;
			buildConfigurationList = CC5925431DDD720D00EA8587 /* Build configuration list for PBXNativeTarget "WoW Sports Test AppTests" */;
			buildPhases = (
				CC5925281DDD720D00EA8587 /* Sources */,
				CC5925291DDD720D00EA8587 /* Frameworks */,
				CC59252A1DDD720D00EA8587 /* Resources */,
			);
			buildRules = (
			);
			dependencies = (
				CC59252E1DDD720D00EA8587 /* PBXTargetDependency */,
			);
			name = "WoW Sports Test AppTests";
			productName = "WoW Sports Test AppTests";
			productReference = CC59252C1DDD720D00EA8587 /* WoW Sports Test AppTests.xctest */;
			productType = "com.apple.product-type.bundle.unit-test";
		};
		CC5925361DDD720D00EA8587 /* WoW Sports Test AppUITests */ = {
			isa = PBXNativeTarget;
			buildConfigurationList = CC5925461DDD720D00EA8587 /* Build configuration list for PBXNativeTarget "WoW Sports Test AppUITests" */;
			buildPhases = (
				CC5925331DDD720D00EA8587 /* Sources */,
				CC5925341DDD720D00EA8587 /* Frameworks */,
				CC5925351DDD720D00EA8587 /* Resources */,
			);
			buildRules = (
			);
			dependencies = (
				CC5925391DDD720D00EA8587 /* PBXTargetDependency */,
			);
			name = "WoW Sports Test AppUITests";
			productName = "WoW Sports Test AppUITests";
			productReference = CC5925371DDD720D00EA8587 /* WoW Sports Test AppUITests.xctest */;
			productType = "com.apple.product-type.bundle.ui-testing";
		};
/* End PBXNativeTarget section */

/* Begin PBXProject section */
		CC5925101DDD720D00EA8587 /* Project object */ = {
			isa = PBXProject;
			attributes = {
				LastSwiftUpdateCheck = 0800;
				LastUpgradeCheck = 0800;
				ORGANIZATIONNAME = "Tejas  Nikumbh";
				TargetAttributes = {
					CC5925171DDD720D00EA8587 = {
						CreatedOnToolsVersion = 8.0;
						DevelopmentTeam = RAHADHP5A7;
						ProvisioningStyle = Automatic;
					};
					CC59252B1DDD720D00EA8587 = {
						CreatedOnToolsVersion = 8.0;
						DevelopmentTeam = RAHADHP5A7;
						ProvisioningStyle = Automatic;
						TestTargetID = CC5925171DDD720D00EA8587;
					};
					CC5925361DDD720D00EA8587 = {
						CreatedOnToolsVersion = 8.0;
						DevelopmentTeam = RAHADHP5A7;
						ProvisioningStyle = Automatic;
						TestTargetID = CC5925171DDD720D00EA8587;
					};
				};
			};
			buildConfigurationList = CC5925131DDD720D00EA8587 /* Build configuration list for PBXProject "WoW Sports Test App" */;
			compatibilityVersion = "Xcode 3.2";
			developmentRegion = English;
			hasScannedForEncodings = 0;
			knownRegions = (
				en,
				Base,
			);
			mainGroup = CC59250F1DDD720D00EA8587;
			productRefGroup = CC5925191DDD720D00EA8587 /* Products */;
			projectDirPath = "";
			projectRoot = "";
			targets = (
				CC5925171DDD720D00EA8587 /* WoW Sports Test App */,
				CC59252B1DDD720D00EA8587 /* WoW Sports Test AppTests */,
				CC5925361DDD720D00EA8587 /* WoW Sports Test AppUITests */,
			);
		};
/* End PBXProject section */

/* Begin PBXResourcesBuildPhase section */
		CC5925161DDD720D00EA8587 /* Resources */ = {
			isa = PBXResourcesBuildPhase;
			buildActionMask = 2147483647;
			files = (
				CC5925261DDD720D00EA8587 /* LaunchScreen.storyboard in Resources */,
				CC5925231DDD720D00EA8587 /* Assets.xcassets in Resources */,
				CC5925211DDD720D00EA8587 /* Main.storyboard in Resources */,
			);
			runOnlyForDeploymentPostprocessing = 0;
		};
		CC59252A1DDD720D00EA8587 /* Resources */ = {
			isa = PBXResourcesBuildPhase;
			buildActionMask = 2147483647;
			files = (
			);
			runOnlyForDeploymentPostprocessing = 0;
		};
		CC5925351DDD720D00EA8587 /* Resources */ = {
			isa = PBXResourcesBuildPhase;
			buildActionMask = 2147483647;
			files = (
			);
			runOnlyForDeploymentPostprocessing = 0;
		};
/* End PBXResourcesBuildPhase section */

/* Begin PBXSourcesBuildPhase section */
		CC5925141DDD720D00EA8587 /* Sources */ = {
			isa = PBXSourcesBuildPhase;
			buildActionMask = 2147483647;
			files = (
				CC59251E1DDD720D00EA8587 /* ViewController.swift in Sources */,
				CC59251C1DDD720D00EA8587 /* AppDelegate.swift in Sources */,
			);
			runOnlyForDeploymentPostprocessing = 0;
		};
		CC5925281DDD720D00EA8587 /* Sources */ = {
			isa = PBXSourcesBuildPhase;
			buildActionMask = 2147483647;
			files = (
				CC5925311DDD720D00EA8587 /* WoW_Sports_Test_AppTests.swift in Sources */,
			);
			runOnlyForDeploymentPostprocessing = 0;
		};
		CC5925331DDD720D00EA8587 /* Sources */ = {
			isa = PBXSourcesBuildPhase;
			buildActionMask = 2147483647;
			files = (
				CC59253C1DDD720D00EA8587 /* WoW_Sports_Test_AppUITests.swift in Sources */,
			);
			runOnlyForDeploymentPostprocessing = 0;
		};
/* End PBXSourcesBuildPhase section */

/* Begin PBXTargetDependency section */
		CC59252E1DDD720D00EA8587 /* PBXTargetDependency */ = {
			isa = PBXTargetDependency;
			target = CC5925171DDD720D00EA8587 /* WoW Sports Test App */;
			targetProxy = CC59252D1DDD720D00EA8587 /* PBXContainerItemProxy */;
		};
		CC5925391DDD720D00EA8587 /* PBXTargetDependency */ = {
			isa = PBXTargetDependency;
			target = CC5925171DDD720D00EA8587 /* WoW Sports Test App */;
			targetProxy = CC5925381DDD720D00EA8587 /* PBXContainerItemProxy */;
		};
/* End PBXTargetDependency section */

/* Begin PBXVariantGroup section */
		CC59251F1DDD720D00EA8587 /* Main.storyboard */ = {
			isa = PBXVariantGroup;
			children = (
				CC5925201DDD720D00EA8587 /* Base */,
			);
			name = Main.storyboard;
			sourceTree = "<group>";
		};
		CC5925241DDD720D00EA8587 /* LaunchScreen.storyboard */ = {
			isa = PBXVariantGroup;
			children = (
				CC5925251DDD720D00EA8587 /* Base */,
			);
			name = LaunchScreen.storyboard;
			sourceTree = "<group>";
		};
/* End PBXVariantGroup section */

/* Begin XCBuildConfiguration section */
		CC59253E1DDD720D00EA8587 /* Debug */ = {
			isa = XCBuildConfiguration;
			buildSettings = {
				ALWAYS_SEARCH_USER_PATHS = NO;
				CLANG_ANALYZER_NONNULL = YES;
				CLANG_CXX_LANGUAGE_STANDARD = "gnu++0x";
				CLANG_CXX_LIBRARY = "libc++";
				CLANG_ENABLE_MODULES = YES;
				CLANG_ENABLE_OBJC_ARC = YES;
				CLANG_WARN_BOOL_CONVERSION = YES;
				CLANG_WARN_CONSTANT_CONVERSION = YES;
				CLANG_WARN_DIRECT_OBJC_ISA_USAGE = YES_ERROR;
				CLANG_WARN_DOCUMENTATION_COMMENTS = YES;
				CLANG_WARN_EMPTY_BODY = YES;
				CLANG_WARN_ENUM_CONVERSION = YES;
				CLANG_WARN_INFINITE_RECURSION = YES;
				CLANG_WARN_INT_CONVERSION = YES;
				CLANG_WARN_OBJC_ROOT_CLASS = YES_ERROR;
				CLANG_WARN_SUSPICIOUS_MOVES = YES;
				CLANG_WARN_UNREACHABLE_CODE = YES;
				CLANG_WARN__DUPLICATE_METHOD_MATCH = YES;
				"CODE_SIGN_IDENTITY[sdk=iphoneos*]" = "iPhone Developer";
				COPY_PHASE_STRIP = NO;
				DEBUG_INFORMATION_FORMAT = dwarf;
				ENABLE_STRICT_OBJC_MSGSEND = YES;
				ENABLE_TESTABILITY = YES;
				GCC_C_LANGUAGE_STANDARD = gnu99;
				GCC_DYNAMIC_NO_PIC = NO;
				GCC_NO_COMMON_BLOCKS = YES;
				GCC_OPTIMIZATION_LEVEL = 0;
				GCC_PREPROCESSOR_DEFINITIONS = (
					"DEBUG=1",
					"$(inherited)",
				);
				GCC_WARN_64_TO_32_BIT_CONVERSION = YES;
				GCC_WARN_ABOUT_RETURN_TYPE = YES_ERROR;
				GCC_WARN_UNDECLARED_SELECTOR = YES;
				GCC_WARN_UNINITIALIZED_AUTOS = YES_AGGRESSIVE;
				GCC_WARN_UNUSED_FUNCTION = YES;
				GCC_WARN_UNUSED_VARIABLE = YES;
				IPHONEOS_DEPLOYMENT_TARGET = 10.0;
				MTL_ENABLE_DEBUG_INFO = YES;
				ONLY_ACTIVE_ARCH = YES;
				SDKROOT = iphoneos;
				SWIFT_ACTIVE_COMPILATION_CONDITIONS = DEBUG;
				SWIFT_OPTIMIZATION_LEVEL = "-Onone";
				TARGETED_DEVICE_FAMILY = "1,2";
			};
			name = Debug;
		};
		CC59253F1DDD720D00EA8587 /* Release */ = {
			isa = XCBuildConfiguration;
			buildSettings = {
				ALWAYS_SEARCH_USER_PATHS = NO;
				CLANG_ANALYZER_NONNULL = YES;
				CLANG_CXX_LANGUAGE_STANDARD = "gnu++0x";
				CLANG_CXX_LIBRARY = "libc++";
				CLANG_ENABLE_MODULES = YES;
				CLANG_ENABLE_OBJC_ARC = YES;
				CLANG_WARN_BOOL_CONVERSION = YES;
				CLANG_WARN_CONSTANT_CONVERSION = YES;
				CLANG_WARN_DIRECT_OBJC_ISA_USAGE = YES_ERROR;
				CLANG_WARN_DOCUMENTATION_COMMENTS = YES;
				CLANG_WARN_EMPTY_BODY = YES;
				CLANG_WARN_ENUM_CONVERSION = YES;
				CLANG_WARN_INFINITE_RECURSION = YES;
				CLANG_WARN_INT_CONVERSION = YES;
				CLANG_WARN_OBJC_ROOT_CLASS = YES_ERROR;
				CLANG_WARN_SUSPICIOUS_MOVES = YES;
				CLANG_WARN_UNREACHABLE_CODE = YES;
				CLANG_WARN__DUPLICATE_METHOD_MATCH = YES;
				"CODE_SIGN_IDENTITY[sdk=iphoneos*]" = "iPhone Developer";
				COPY_PHASE_STRIP = NO;
				DEBUG_INFORMATION_FORMAT = "dwarf-with-dsym";
				ENABLE_NS_ASSERTIONS = NO;
				ENABLE_STRICT_OBJC_MSGSEND = YES;
				GCC_C_LANGUAGE_STANDARD = gnu99;
				GCC_NO_COMMON_BLOCKS = YES;
				GCC_WARN_64_TO_32_BIT_CONVERSION = YES;
				GCC_WARN_ABOUT_RETURN_TYPE = YES_ERROR;
				GCC_WARN_UNDECLARED_SELECTOR = YES;
				GCC_WARN_UNINITIALIZED_AUTOS = YES_AGGRESSIVE;
				GCC_WARN_UNUSED_FUNCTION = YES;
				GCC_WARN_UNUSED_VARIABLE = YES;
				IPHONEOS_DEPLOYMENT_TARGET = 10.0;
				MTL_ENABLE_DEBUG_INFO = NO;
				SDKROOT = iphoneos;
				SWIFT_OPTIMIZATION_LEVEL = "-Owholemodule";
				TARGETED_DEVICE_FAMILY = "1,2";
				VALIDATE_PRODUCT = YES;
			};
			name = Release;
		};
		CC5925411DDD720D00EA8587 /* Debug */ = {
			isa = XCBuildConfiguration;
			buildSettings = {
				ASSETCATALOG_COMPILER_APPICON_NAME = AppIcon;
				DEVELOPMENT_TEAM = RAHADHP5A7;
				INFOPLIST_FILE = "WoW Sports Test App/Info.plist";
				LD_RUNPATH_SEARCH_PATHS = "$(inherited) @executable_path/Frameworks";
				PRODUCT_BUNDLE_IDENTIFIER = "io.wowsports.test.WoW-Sports-Test-App";
				PRODUCT_NAME = "$(TARGET_NAME)";
				SWIFT_VERSION = 3.0;
			};
			name = Debug;
		};
		CC5925421DDD720D00EA8587 /* Release */ = {
			isa = XCBuildConfiguration;
			buildSettings = {
				ASSETCATALOG_COMPILER_APPICON_NAME = AppIcon;
				DEVELOPMENT_TEAM = RAHADHP5A7;
				INFOPLIST_FILE = "WoW Sports Test App/Info.plist";
				LD_RUNPATH_SEARCH_PATHS = "$(inherited) @executable_path/Frameworks";
				PRODUCT_BUNDLE_IDENTIFIER = "io.wowsports.test.WoW-Sports-Test-App";
				PRODUCT_NAME = "$(TARGET_NAME)";
				SWIFT_VERSION = 3.0;
			};
			name = Release;
		};
		CC5925441DDD720D00EA8587 /* Debug */ = {
			isa = XCBuildConfiguration;
			buildSettings = {
				ALWAYS_EMBED_SWIFT_STANDARD_LIBRARIES = YES;
				BUNDLE_LOADER = "$(TEST_HOST)";
				DEVELOPMENT_TEAM = RAHADHP5A7;
				INFOPLIST_FILE = "WoW Sports Test AppTests/Info.plist";
				LD_RUNPATH_SEARCH_PATHS = "$(inherited) @executable_path/Frameworks @loader_path/Frameworks";
				PRODUCT_BUNDLE_IDENTIFIER = "io.wowsports.test.WoW-Sports-Test-AppTests";
				PRODUCT_NAME = "$(TARGET_NAME)";
				SWIFT_VERSION = 3.0;
				TEST_HOST = "$(BUILT_PRODUCTS_DIR)/WoW Sports Test App.app/WoW Sports Test App";
			};
			name = Debug;
		};
		CC5925451DDD720D00EA8587 /* Release */ = {
			isa = XCBuildConfiguration;
			buildSettings = {
				ALWAYS_EMBED_SWIFT_STANDARD_LIBRARIES = YES;
				BUNDLE_LOADER = "$(TEST_HOST)";
				DEVELOPMENT_TEAM = RAHADHP5A7;
				INFOPLIST_FILE = "WoW Sports Test AppTests/Info.plist";
				LD_RUNPATH_SEARCH_PATHS = "$(inherited) @executable_path/Frameworks @loader_path/Frameworks";
				PRODUCT_BUNDLE_IDENTIFIER = "io.wowsports.test.WoW-Sports-Test-AppTests";
				PRODUCT_NAME = "$(TARGET_NAME)";
				SWIFT_VERSION = 3.0;
				TEST_HOST = "$(BUILT_PRODUCTS_DIR)/WoW Sports Test App.app/WoW Sports Test App";
			};
			name = Release;
		};
		CC5925471DDD720D00EA8587 /* Debug */ = {
			isa = XCBuildConfiguration;
			buildSettings = {
				ALWAYS_EMBED_SWIFT_STANDARD_LIBRARIES = YES;
				DEVELOPMENT_TEAM = RAHADHP5A7;
				INFOPLIST_FILE = "WoW Sports Test AppUITests/Info.plist";
				LD_RUNPATH_SEARCH_PATHS = "$(inherited) @executable_path/Frameworks @loader_path/Frameworks";
				PRODUCT_BUNDLE_IDENTIFIER = "io.wowsports.test.WoW-Sports-Test-AppUITests";
				PRODUCT_NAME = "$(TARGET_NAME)";
				SWIFT_VERSION = 3.0;
				TEST_TARGET_NAME = "WoW Sports Test App";
			};
			name = Debug;
		};
		CC5925481DDD720D00EA8587 /* Release */ = {
			isa = XCBuildConfiguration;
			buildSettings = {
				ALWAYS_EMBED_SWIFT_STANDARD_LIBRARIES = YES;
				DEVELOPMENT_TEAM = RAHADHP5A7;
				INFOPLIST_FILE = "WoW Sports Test AppUITests/Info.plist";
				LD_RUNPATH_SEARCH_PATHS = "$(inherited) @executable_path/Frameworks @loader_path/Frameworks";
				PRODUCT_BUNDLE_IDENTIFIER = "io.wowsports.test.WoW-Sports-Test-AppUITests";
				PRODUCT_NAME = "$(TARGET_NAME)";
				SWIFT_VERSION = 3.0;
				TEST_TARGET_NAME = "WoW Sports Test App";
			};
			name = Release;
		};
/* End XCBuildConfiguration section */

/* Begin XCConfigurationList section */
		CC5925131DDD720D00EA8587 /* Build configuration list for PBXProject "WoW Sports Test App" */ = {
			isa = XCConfigurationList;
			buildConfigurations = (
				CC59253E1DDD720D00EA8587 /* Debug */,
				CC59253F1DDD720D00EA8587 /* Release */,
			);
			defaultConfigurationIsVisible = 0;
			defaultConfigurationName = Release;
		};
		CC5925401DDD720D00EA8587 /* Build configuration list for PBXNativeTarget "WoW Sports Test App" */ = {
			isa = XCConfigurationList;
			buildConfigurations = (
				CC5925411DDD720D00EA8587 /* Debug */,
				CC5925421DDD720D00EA8587 /* Release */,
			);
			defaultConfigurationIsVisible = 0;
		};
		CC5925431DDD720D00EA8587 /* Build configuration list for PBXNativeTarget "WoW Sports Test AppTests" */ = {
			isa = XCConfigurationList;
			buildConfigurations = (
				CC5925441DDD720D00EA8587 /* Debug */,
				CC5925451DDD720D00EA8587 /* Release */,
			);
			defaultConfigurationIsVisible = 0;
		};
		CC5925461DDD720D00EA8587 /* Build configuration list for PBXNativeTarget "WoW Sports Test AppUITests" */ = {
			isa = XCConfigurationList;
			buildConfigurations = (
				CC5925471DDD720D00EA8587 /* Debug */,
				CC5925481DDD720D00EA8587 /* Release */,
			);
			defaultConfigurationIsVisible = 0;
		};
/* End XCConfigurationList section */
	};
	rootObject = CC5925101DDD720D00EA8587 /* Project object */;
}
